
Microsoft Visual Studio Solution File, Format Version 12.00
# Visual Studio 15
VisualStudioVersion = 15.0.27428.2037
MinimumVisualStudioVersion = 10.0.40219.1
Project("{FAE04EC0-301F-11D3-BF4B-00C04F79EFBC}") = "Snake", "Snake\Snake.csproj", "{7A041C90-0CCC-4958-A7AD-147307931152}"
EndProject
Global
	GlobalSection(SolutionConfigurationPlatforms) = preSolution
		Debug|Any CPU = Debug|Any CPU
		Release|Any CPU = Release|Any CPU
	EndGlobalSection
	GlobalSection(ProjectConfigurationPlatforms) = postSolution
		{7A041C90-0CCC-4958-A7AD-147307931152}.Debug|Any CPU.ActiveCfg = Debug|Any CPU
		{7A041C90-0CCC-4958-A7AD-147307931152}.Debug|Any CPU.Build.0 = Debug|Any CPU
		{7A041C90-0CCC-4958-A7AD-147307931152}.Release|Any CPU.ActiveCfg = Release|Any CPU
		{7A041C90-0CCC-4958-A7AD-147307931152}.Release|Any CPU.Build.0 = Release|Any CPU
	EndGlobalSection
	GlobalSection(SolutionProperties) = preSolution
		HideSolutionNode = FALSE
	EndGlobalSection
	GlobalSection(ExtensibilityGlobals) = postSolution
		SolutionGuid = {1F11EFE5-C2DC-4F58-8006-2A329B06E70F}
	EndGlobalSection
EndGlobal
